
Microsoft Visual Studio Solution File, Format Version 12.00
# Visual Studio 15
VisualStudioVersion = 15.0.27004.2006
MinimumVisualStudioVersion = 10.0.40219.1
Project("{8BC9CEB8-8B4A-11D0-8D11-00A0C91BC942}") = "Work4", "Work4\Work4.vcxproj", "{7758EEC1-1412-468F-A7D8-C45EB7CFA099}"
EndProject
Project("{8BC9CEB8-8B4A-11D0-8D11-00A0C91BC942}") = "Console", "Console\Console.vcxproj", "{D5EEE1E9-62B6-40F8-B8CE-BF61773D5BF8}"
EndProject
Global
	GlobalSection(SolutionConfigurationPlatforms) = preSolution
		Debug|x64 = Debug|x64
		Debug|x86 = Debug|x86
		Release|x64 = Release|x64
		Release|x86 = Release|x86
	EndGlobalSection
	GlobalSection(ProjectConfigurationPlatforms) = postSolution
		{7758EEC1-1412-468F-A7D8-C45EB7CFA099}.Debug|x64.ActiveCfg = Debug|Win32
		{7758EEC1-1412-468F-A7D8-C45EB7CFA099}.Debug|x64.Build.0 = Debug|Win32
		{7758EEC1-1412-468F-A7D8-C45EB7CFA099}.Debug|x86.ActiveCfg = Debug|Win32
		{7758EEC1-1412-468F-A7D8-C45EB7CFA099}.Debug|x86.Build.0 = Debug|Win32
		{7758EEC1-1412-468F-A7D8-C45EB7CFA099}.Release|x64.ActiveCfg = Debug|Win32
		{7758EEC1-1412-468F-A7D8-C45EB7CFA099}.Release|x64.Build.0 = Debug|Win32
		{7758EEC1-1412-468F-A7D8-C45EB7CFA099}.Release|x86.ActiveCfg = Debug|Win32
		{7758EEC1-1412-468F-A7D8-C45EB7CFA099}.Release|x86.Build.0 = Debug|Win32
		{D5EEE1E9-62B6-40F8-B8CE-BF61773D5BF8}.Debug|x64.ActiveCfg = Debug|Win32
		{D5EEE1E9-62B6-40F8-B8CE-BF61773D5BF8}.Debug|x64.Build.0 = Debug|Win32
		{D5EEE1E9-62B6-40F8-B8CE-BF61773D5BF8}.Debug|x86.ActiveCfg = Debug|Win32
		{D5EEE1E9-62B6-40F8-B8CE-BF61773D5BF8}.Debug|x86.Build.0 = Debug|Win32
		{D5EEE1E9-62B6-40F8-B8CE-BF61773D5BF8}.Release|x64.ActiveCfg = Debug|Win32
		{D5EEE1E9-62B6-40F8-B8CE-BF61773D5BF8}.Release|x64.Build.0 = Debug|Win32
		{D5EEE1E9-62B6-40F8-B8CE-BF61773D5BF8}.Release|x86.ActiveCfg = Debug|Win32
		{D5EEE1E9-62B6-40F8-B8CE-BF61773D5BF8}.Release|x86.Build.0 = Debug|Win32
	EndGlobalSection
	GlobalSection(SolutionProperties) = preSolution
		HideSolutionNode = FALSE
	EndGlobalSection
	GlobalSection(ExtensibilityGlobals) = postSolution
		SolutionGuid = {A3B40333-5501-46FD-B748-15C23F6D4B77}
	EndGlobalSection
EndGlobal
